
Microsoft Visual Studio Solution File, Format Version 12.00
# Visual Studio Version 17
VisualStudioVersion = 17.11.35208.52
MinimumVisualStudioVersion = 10.0.40219.1
Project("{FAE04EC0-301F-11D3-BF4B-00C04F79EFBC}") = "Flora.Server", "Flora.Server\Flora.Server.csproj", "{BA654163-813F-42C4-842C-D9DD057390C2}"
EndProject
Project("{54A90642-561A-4BB1-A94E-469ADEE60C69}") = "flora.client", "flora.client\flora.client.esproj", "{37FFEBFA-3344-42DC-870E-71C91ADB7DF3}"
EndProject
Global
	GlobalSection(SolutionConfigurationPlatforms) = preSolution
		Debug|Any CPU = Debug|Any CPU
		Release|Any CPU = Release|Any CPU
	EndGlobalSection
	GlobalSection(ProjectConfigurationPlatforms) = postSolution
		{BA654163-813F-42C4-842C-D9DD057390C2}.Debug|Any CPU.ActiveCfg = Debug|Any CPU
		{BA654163-813F-42C4-842C-D9DD057390C2}.Debug|Any CPU.Build.0 = Debug|Any CPU
		{BA654163-813F-42C4-842C-D9DD057390C2}.Release|Any CPU.ActiveCfg = Release|Any CPU
		{BA654163-813F-42C4-842C-D9DD057390C2}.Release|Any CPU.Build.0 = Release|Any CPU
		{37FFEBFA-3344-42DC-870E-71C91ADB7DF3}.Debug|Any CPU.ActiveCfg = Debug|Any CPU
		{37FFEBFA-3344-42DC-870E-71C91ADB7DF3}.Debug|Any CPU.Build.0 = Debug|Any CPU
		{37FFEBFA-3344-42DC-870E-71C91ADB7DF3}.Debug|Any CPU.Deploy.0 = Debug|Any CPU
		{37FFEBFA-3344-42DC-870E-71C91ADB7DF3}.Release|Any CPU.ActiveCfg = Release|Any CPU
		{37FFEBFA-3344-42DC-870E-71C91ADB7DF3}.Release|Any CPU.Build.0 = Release|Any CPU
		{37FFEBFA-3344-42DC-870E-71C91ADB7DF3}.Release|Any CPU.Deploy.0 = Release|Any CPU
	EndGlobalSection
	GlobalSection(SolutionProperties) = preSolution
		HideSolutionNode = FALSE
	EndGlobalSection
	GlobalSection(ExtensibilityGlobals) = postSolution
		SolutionGuid = {8B408A60-B119-4A38-AF2F-2604245F3B2C}
	EndGlobalSection
EndGlobal
